// !$*UTF8*$!
{
	archiveVersion = 1;
	classes = {
	};
	objectVersion = 46;
	objects = {

/* Begin PBXBuildFile section */
		3B12C79F1C4CC77600365FFC /* AppDelegate.swift in Sources */ = {isa = PBXBuildFile; fileRef = 3B12C79E1C4CC77600365FFC /* AppDelegate.swift */; };
		3B12C7A11C4CC77600365FFC /* ViewController.swift in Sources */ = {isa = PBXBuildFile; fileRef = 3B12C7A01C4CC77600365FFC /* ViewController.swift */; };
		3B12C7A41C4CC77600365FFC /* Main.storyboard in Resources */ = {isa = PBXBuildFile; fileRef = 3B12C7A21C4CC77600365FFC /* Main.storyboard */; };
		3B12C7A61C4CC77600365FFC /* Assets.xcassets in Resources */ = {isa = PBXBuildFile; fileRef = 3B12C7A51C4CC77600365FFC /* Assets.xcassets */; };
		3B12C7A91C4CC77600365FFC /* LaunchScreen.storyboard in Resources */ = {isa = PBXBuildFile; fileRef = 3B12C7A71C4CC77600365FFC /* LaunchScreen.storyboard */; };
		3B12C7B11C4CCBA200365FFC /* BlueCircle.swift in Sources */ = {isa = PBXBuildFile; fileRef = 3B12C7B01C4CCBA200365FFC /* BlueCircle.swift */; };
		3B12C7B31C4CEFE700365FFC /* UIColor+Panda.swift in Sources */ = {isa = PBXBuildFile; fileRef = 3B12C7B21C4CEFE700365FFC /* UIColor+Panda.swift */; };
		3B12C7B71C4DDD0D00365FFC /* UIView+Panda.swift in Sources */ = {isa = PBXBuildFile; fileRef = 3B12C7B61C4DDD0D00365FFC /* UIView+Panda.swift */; };
/* End PBXBuildFile section */

/* Begin PBXFileReference section */
		3B12C79B1C4CC77600365FFC /* DoubleCircleAnimation.app */ = {isa = PBXFileReference; explicitFileType = wrapper.application; includeInIndex = 0; path = DoubleCircleAnimation.app; sourceTree = BUILT_PRODUCTS_DIR; };
		3B12C79E1C4CC77600365FFC /* AppDelegate.swift */ = {isa = PBXFileReference; lastKnownFileType = sourcecode.swift; path = AppDelegate.swift; sourceTree = "<group>"; };
		3B12C7A01C4CC77600365FFC /* ViewController.swift */ = {isa = PBXFileReference; lastKnownFileType = sourcecode.swift; path = ViewController.swift; sourceTree = "<group>"; };
		3B12C7A31C4CC77600365FFC /* Base */ = {isa = PBXFileReference; lastKnownFileType = file.storyboard; name = Base; path = Base.lproj/Main.storyboard; sourceTree = "<group>"; };
		3B12C7A51C4CC77600365FFC /* Assets.xcassets */ = {isa = PBXFileReference; lastKnownFileType = folder.assetcatalog; path = Assets.xcassets; sourceTree = "<group>"; };
		3B12C7A81C4CC77600365FFC /* Base */ = {isa = PBXFileReference; lastKnownFileType = file.storyboard; name = Base; path = Base.lproj/LaunchScreen.storyboard; sourceTree = "<group>"; };
		3B12C7AA1C4CC77600365FFC /* Info.plist */ = {isa = PBXFileReference; lastKnownFileType = text.plist.xml; path = Info.plist; sourceTree = "<group>"; };
		3B12C7B01C4CCBA200365FFC /* BlueCircle.swift */ = {isa = PBXFileReference; fileEncoding = 4; lastKnownFileType = sourcecode.swift; path = BlueCircle.swift; sourceTree = "<group>"; };
		3B12C7B21C4CEFE700365FFC /* UIColor+Panda.swift */ = {isa = PBXFileReference; fileEncoding = 4; lastKnownFileType = sourcecode.swift; path = "UIColor+Panda.swift"; sourceTree = "<group>"; };
		3B12C7B61C4DDD0D00365FFC /* UIView+Panda.swift */ = {isa = PBXFileReference; fileEncoding = 4; lastKnownFileType = sourcecode.swift; path = "UIView+Panda.swift"; sourceTree = "<group>"; };
/* End PBXFileReference section */

/* Begin PBXFrameworksBuildPhase section */
		3B12C7981C4CC77600365FFC /* Frameworks */ = {
			isa = PBXFrameworksBuildPhase;
			buildActionMask = 2147483647;
			files = (
			);
			runOnlyForDeploymentPostprocessing = 0;
		};
/* End PBXFrameworksBuildPhase section */

/* Begin PBXGroup section */
		3B12C7921C4CC77600365FFC = {
			isa = PBXGroup;
			children = (
				3B12C79D1C4CC77600365FFC /* DoubleCircleAnimation */,
				3B12C79C1C4CC77600365FFC /* Products */,
			);
			sourceTree = "<group>";
		};
		3B12C79C1C4CC77600365FFC /* Products */ = {
			isa = PBXGroup;
			children = (
				3B12C79B1C4CC77600365FFC /* DoubleCircleAnimation.app */,
			);
			name = Products;
			sourceTree = "<group>";
		};
		3B12C79D1C4CC77600365FFC /* DoubleCircleAnimation */ = {
			isa = PBXGroup;
			children = (
				3B12C79E1C4CC77600365FFC /* AppDelegate.swift */,
				3B12C7A01C4CC77600365FFC /* ViewController.swift */,
				3B12C7B01C4CCBA200365FFC /* BlueCircle.swift */,
				3B12C7A21C4CC77600365FFC /* Main.storyboard */,
				3B12C7A51C4CC77600365FFC /* Assets.xcassets */,
				3B12C7A71C4CC77600365FFC /* LaunchScreen.storyboard */,
				3B12C7AA1C4CC77600365FFC /* Info.plist */,
				3B12C7B21C4CEFE700365FFC /* UIColor+Panda.swift */,
				3B12C7B61C4DDD0D00365FFC /* UIView+Panda.swift */,
			);
			path = DoubleCircleAnimation;
			sourceTree = "<group>";
		};
/* End PBXGroup section */

/* Begin PBXNativeTarget section */
		3B12C79A1C4CC77600365FFC /* DoubleCircleAnimation */ = {
			isa = PBXNativeTarget;
			buildConfigurationList = 3B12C7AD1C4CC77600365FFC /* Build configuration list for PBXNativeTarget "DoubleCircleAnimation" */;
			buildPhases = (
				3B12C7971C4CC77600365FFC /* Sources */,
				3B12C7981C4CC77600365FFC /* Frameworks */,
				3B12C7991C4CC77600365FFC /* Resources */,
			);
			buildRules = (
			);
			dependencies = (
			);
			name = DoubleCircleAnimation;
			productName = DoubleCircleAnimation;
			productReference = 3B12C79B1C4CC77600365FFC /* DoubleCircleAnimation.app */;
			productType = "com.apple.product-type.application";
		};
/* End PBXNativeTarget section */

/* Begin PBXProject section */
		3B12C7931C4CC77600365FFC /* Project object */ = {
			isa = PBXProject;
			attributes = {
				LastSwiftUpdateCheck = 0720;
				LastUpgradeCheck = 0720;
				ORGANIZATIONNAME = PandaLZMing;
				TargetAttributes = {
					3B12C79A1C4CC77600365FFC = {
						CreatedOnToolsVersion = 7.2;
					};
				};
			};
			buildConfigurationList = 3B12C7961C4CC77600365FFC /* Build configuration list for PBXProject "DoubleCircleAnimation" */;
			compatibilityVersion = "Xcode 3.2";
			developmentRegion = English;
			hasScannedForEncodings = 0;
			knownRegions = (
				en,
				Base,
			);
			mainGroup = 3B12C7921C4CC77600365FFC;
			productRefGroup = 3B12C79C1C4CC77600365FFC /* Products */;
			projectDirPath = "";
			projectRoot = "";
			targets = (
				3B12C79A1C4CC77600365FFC /* DoubleCircleAnimation */,
			);
		};
/* End PBXProject section */

/* Begin PBXResourcesBuildPhase section */
		3B12C7991C4CC77600365FFC /* Resources */ = {
			isa = PBXResourcesBuildPhase;
			buildActionMask = 2147483647;
			files = (
				3B12C7A91C4CC77600365FFC /* LaunchScreen.storyboard in Resources */,
				3B12C7A61C4CC77600365FFC /* Assets.xcassets in Resources */,
				3B12C7A41C4CC77600365FFC /* Main.storyboard in Resources */,
			);
			runOnlyForDeploymentPostprocessing = 0;
		};
/* End PBXResourcesBuildPhase section */

/* Begin PBXSourcesBuildPhase section */
		3B12C7971C4CC77600365FFC /* Sources */ = {
			isa = PBXSourcesBuildPhase;
			buildActionMask = 2147483647;
			files = (
				3B12C7B11C4CCBA200365FFC /* BlueCircle.swift in Sources */,
				3B12C7A11C4CC77600365FFC /* ViewController.swift in Sources */,
				3B12C7B31C4CEFE700365FFC /* UIColor+Panda.swift in Sources */,
				3B12C79F1C4CC77600365FFC /* AppDelegate.swift in Sources */,
				3B12C7B71C4DDD0D00365FFC /* UIView+Panda.swift in Sources */,
			);
			runOnlyForDeploymentPostprocessing = 0;
		};
/* End PBXSourcesBuildPhase section */

/* Begin PBXVariantGroup section */
		3B12C7A21C4CC77600365FFC /* Main.storyboard */ = {
			isa = PBXVariantGroup;
			children = (
				3B12C7A31C4CC77600365FFC /* Base */,
			);
			name = Main.storyboard;
			sourceTree = "<group>";
		};
		3B12C7A71C4CC77600365FFC /* LaunchScreen.storyboard */ = {
			isa = PBXVariantGroup;
			children = (
				3B12C7A81C4CC77600365FFC /* Base */,
			);
			name = LaunchScreen.storyboard;
			sourceTree = "<group>";
		};
/* End PBXVariantGroup section */

/* Begin XCBuildConfiguration section */
		3B12C7AB1C4CC77600365FFC /* Debug */ = {
			isa = XCBuildConfiguration;
			buildSettings = {
				ALWAYS_SEARCH_USER_PATHS = NO;
				CLANG_CXX_LANGUAGE_STANDARD = "gnu++0x";
				CLANG_CXX_LIBRARY = "libc++";
				CLANG_ENABLE_MODULES = YES;
				CLANG_ENABLE_OBJC_ARC = YES;
				CLANG_WARN_BOOL_CONVERSION = YES;
				CLANG_WARN_CONSTANT_CONVERSION = YES;
				CLANG_WARN_DIRECT_OBJC_ISA_USAGE = YES_ERROR;
				CLANG_WARN_EMPTY_BODY = YES;
				CLANG_WARN_ENUM_CONVERSION = YES;
				CLANG_WARN_INT_CONVERSION = YES;
				CLANG_WARN_OBJC_ROOT_CLASS = YES_ERROR;
				CLANG_WARN_UNREACHABLE_CODE = YES;
				CLANG_WARN__DUPLICATE_METHOD_MATCH = YES;
				"CODE_SIGN_IDENTITY[sdk=iphoneos*]" = "iPhone Developer";
				COPY_PHASE_STRIP = NO;
				DEBUG_INFORMATION_FORMAT = dwarf;
				ENABLE_STRICT_OBJC_MSGSEND = YES;
				ENABLE_TESTABILITY = YES;
				GCC_C_LANGUAGE_STANDARD = gnu99;
				GCC_DYNAMIC_NO_PIC = NO;
				GCC_NO_COMMON_BLOCKS = YES;
				GCC_OPTIMIZATION_LEVEL = 0;
				GCC_PREPROCESSOR_DEFINITIONS = (
					"DEBUG=1",
					"$(inherited)",
				);
				GCC_WARN_64_TO_32_BIT_CONVERSION = YES;
				GCC_WARN_ABOUT_RETURN_TYPE = YES_ERROR;
				GCC_WARN_UNDECLARED_SELECTOR = YES;
				GCC_WARN_UNINITIALIZED_AUTOS = YES_AGGRESSIVE;
				GCC_WARN_UNUSED_FUNCTION = YES;
				GCC_WARN_UNUSED_VARIABLE = YES;
				IPHONEOS_DEPLOYMENT_TARGET = 9.2;
				MTL_ENABLE_DEBUG_INFO = YES;
				ONLY_ACTIVE_ARCH = YES;
				SDKROOT = iphoneos;
				SWIFT_OPTIMIZATION_LEVEL = "-Onone";
				TARGETED_DEVICE_FAMILY = "1,2";
			};
			name = Debug;
		};
		3B12C7AC1C4CC77600365FFC /* Release */ = {
			isa = XCBuildConfiguration;
			buildSettings = {
				ALWAYS_SEARCH_USER_PATHS = NO;
				CLANG_CXX_LANGUAGE_STANDARD = "gnu++0x";
				CLANG_CXX_LIBRARY = "libc++";
				CLANG_ENABLE_MODULES = YES;
				CLANG_ENABLE_OBJC_ARC = YES;
				CLANG_WARN_BOOL_CONVERSION = YES;
				CLANG_WARN_CONSTANT_CONVERSION = YES;
				CLANG_WARN_DIRECT_OBJC_ISA_USAGE = YES_ERROR;
				CLANG_WARN_EMPTY_BODY = YES;
				CLANG_WARN_ENUM_CONVERSION = YES;
				CLANG_WARN_INT_CONVERSION = YES;
				CLANG_WARN_OBJC_ROOT_CLASS = YES_ERROR;
				CLANG_WARN_UNREACHABLE_CODE = YES;
				CLANG_WARN__DUPLICATE_METHOD_MATCH = YES;
				"CODE_SIGN_IDENTITY[sdk=iphoneos*]" = "iPhone Developer";
				COPY_PHASE_STRIP = NO;
				DEBUG_INFORMATION_FORMAT = "dwarf-with-dsym";
				ENABLE_NS_ASSERTIONS = NO;
				ENABLE_STRICT_OBJC_MSGSEND = YES;
				GCC_C_LANGUAGE_STANDARD = gnu99;
				GCC_NO_COMMON_BLOCKS = YES;
				GCC_WARN_64_TO_32_BIT_CONVERSION = YES;
				GCC_WARN_ABOUT_RETURN_TYPE = YES_ERROR;
				GCC_WARN_UNDECLARED_SELECTOR = YES;
				GCC_WARN_UNINITIALIZED_AUTOS = YES_AGGRESSIVE;
				GCC_WARN_UNUSED_FUNCTION = YES;
				GCC_WARN_UNUSED_VARIABLE = YES;
				IPHONEOS_DEPLOYMENT_TARGET = 9.2;
				MTL_ENABLE_DEBUG_INFO = NO;
				SDKROOT = iphoneos;
				TARGETED_DEVICE_FAMILY = "1,2";
				VALIDATE_PRODUCT = YES;
			};
			name = Release;
		};
		3B12C7AE1C4CC77600365FFC /* Debug */ = {
			isa = XCBuildConfiguration;
			buildSettings = {
				ASSETCATALOG_COMPILER_APPICON_NAME = AppIcon;
				INFOPLIST_FILE = DoubleCircleAnimation/Info.plist;
				LD_RUNPATH_SEARCH_PATHS = "$(inherited) @executable_path/Frameworks";
				PRODUCT_BUNDLE_IDENTIFIER = PandaLZMing.DoubleCircleAnimation;
				PRODUCT_NAME = "$(TARGET_NAME)";
			};
			name = Debug;
		};
		3B12C7AF1C4CC77600365FFC /* Release */ = {
			isa = XCBuildConfiguration;
			buildSettings = {
				ASSETCATALOG_COMPILER_APPICON_NAME = AppIcon;
				INFOPLIST_FILE = DoubleCircleAnimation/Info.plist;
				LD_RUNPATH_SEARCH_PATHS = "$(inherited) @executable_path/Frameworks";
				PRODUCT_BUNDLE_IDENTIFIER = PandaLZMing.DoubleCircleAnimation;
				PRODUCT_NAME = "$(TARGET_NAME)";
			};
			name = Release;
		};
/* End XCBuildConfiguration section */

/* Begin XCConfigurationList section */
		3B12C7961C4CC77600365FFC /* Build configuration list for PBXProject "DoubleCircleAnimation" */ = {
			isa = XCConfigurationList;
			buildConfigurations = (
				3B12C7AB1C4CC77600365FFC /* Debug */,
				3B12C7AC1C4CC77600365FFC /* Release */,
			);
			defaultConfigurationIsVisible = 0;
			defaultConfigurationName = Release;
		};
		3B12C7AD1C4CC77600365FFC /* Build configuration list for PBXNativeTarget "DoubleCircleAnimation" */ = {
			isa = XCConfigurationList;
			buildConfigurations = (
				3B12C7AE1C4CC77600365FFC /* Debug */,
				3B12C7AF1C4CC77600365FFC /* Release */,
			);
			defaultConfigurationIsVisible = 0;
			defaultConfigurationName = Release;
		};
/* End XCConfigurationList section */
	};
	rootObject = 3B12C7931C4CC77600365FFC /* Project object */;
}
